// !$*UTF8*$!
{
	archiveVersion = 1;
	classes = {
	};
	objectVersion = 46;
	objects = {

/* Begin PBXBuildFile section */
		49C3D45E19E3368E00062C4B /* main.cpp in Sources */ = {isa = PBXBuildFile; fileRef = 49C3D45D19E3368E00062C4B /* main.cpp */; };
		49C3D46519E3375F00062C4B /* GLUT.framework in Frameworks */ = {isa = PBXBuildFile; fileRef = 49C3D46419E3375F00062C4B /* GLUT.framework */; };
		49C3D46719E3377A00062C4B /* OpenGL.framework in Frameworks */ = {isa = PBXBuildFile; fileRef = 49C3D46619E3377A00062C4B /* OpenGL.framework */; };
/* End PBXBuildFile section */

/* Begin PBXCopyFilesBuildPhase section */
		49C3D45819E3368E00062C4B /* CopyFiles */ = {
			isa = PBXCopyFilesBuildPhase;
			buildActionMask = 2147483647;
			dstPath = /usr/share/man/man1/;
			dstSubfolderSpec = 0;
			files = (
			);
			runOnlyForDeploymentPostprocessing = 1;
		};
/* End PBXCopyFilesBuildPhase section */

/* Begin PBXFileReference section */
		49C3D45A19E3368E00062C4B /* grafika-1 */ = {isa = PBXFileReference; explicitFileType = "compiled.mach-o.executable"; includeInIndex = 0; path = "grafika-1"; sourceTree = BUILT_PRODUCTS_DIR; };
		49C3D45D19E3368E00062C4B /* main.cpp */ = {isa = PBXFileReference; lastKnownFileType = sourcecode.cpp.cpp; path = main.cpp; sourceTree = "<group>"; };
		49C3D46419E3375F00062C4B /* GLUT.framework */ = {isa = PBXFileReference; lastKnownFileType = wrapper.framework; name = GLUT.framework; path = System/Library/Frameworks/GLUT.framework; sourceTree = SDKROOT; };
		49C3D46619E3377A00062C4B /* OpenGL.framework */ = {isa = PBXFileReference; lastKnownFileType = wrapper.framework; name = OpenGL.framework; path = System/Library/Frameworks/OpenGL.framework; sourceTree = SDKROOT; };
/* End PBXFileReference section */

/* Begin PBXFrameworksBuildPhase section */
		49C3D45719E3368E00062C4B /* Frameworks */ = {
			isa = PBXFrameworksBuildPhase;
			buildActionMask = 2147483647;
			files = (
				49C3D46719E3377A00062C4B /* OpenGL.framework in Frameworks */,
				49C3D46519E3375F00062C4B /* GLUT.framework in Frameworks */,
			);
			runOnlyForDeploymentPostprocessing = 0;
		};
/* End PBXFrameworksBuildPhase section */

/* Begin PBXGroup section */
		49C3D45119E3368E00062C4B = {
			isa = PBXGroup;
			children = (
				49C3D46619E3377A00062C4B /* OpenGL.framework */,
				49C3D46419E3375F00062C4B /* GLUT.framework */,
				49C3D45C19E3368E00062C4B /* grafika-1 */,
				49C3D45B19E3368E00062C4B /* Products */,
			);
			sourceTree = "<group>";
		};
		49C3D45B19E3368E00062C4B /* Products */ = {
			isa = PBXGroup;
			children = (
				49C3D45A19E3368E00062C4B /* grafika-1 */,
			);
			name = Products;
			sourceTree = "<group>";
		};
		49C3D45C19E3368E00062C4B /* grafika-1 */ = {
			isa = PBXGroup;
			children = (
				49C3D45D19E3368E00062C4B /* main.cpp */,
			);
			path = "grafika-1";
			sourceTree = "<group>";
		};
/* End PBXGroup section */

/* Begin PBXNativeTarget section */
		49C3D45919E3368E00062C4B /* grafika-1 */ = {
			isa = PBXNativeTarget;
			buildConfigurationList = 49C3D46119E3368E00062C4B /* Build configuration list for PBXNativeTarget "grafika-1" */;
			buildPhases = (
				49C3D45619E3368E00062C4B /* Sources */,
				49C3D45719E3368E00062C4B /* Frameworks */,
				49C3D45819E3368E00062C4B /* CopyFiles */,
			);
			buildRules = (
			);
			dependencies = (
			);
			name = "grafika-1";
			productName = "grafika-1";
			productReference = 49C3D45A19E3368E00062C4B /* grafika-1 */;
			productType = "com.apple.product-type.tool";
		};
/* End PBXNativeTarget section */

/* Begin PBXProject section */
		49C3D45219E3368E00062C4B /* Project object */ = {
			isa = PBXProject;
			attributes = {
				LastUpgradeCheck = 0600;
				ORGANIZATIONNAME = "Andras Szell";
				TargetAttributes = {
					49C3D45919E3368E00062C4B = {
						CreatedOnToolsVersion = 6.0.1;
					};
				};
			};
			buildConfigurationList = 49C3D45519E3368E00062C4B /* Build configuration list for PBXProject "grafika-1" */;
			compatibilityVersion = "Xcode 3.2";
			developmentRegion = English;
			hasScannedForEncodings = 0;
			knownRegions = (
				en,
			);
			mainGroup = 49C3D45119E3368E00062C4B;
			productRefGroup = 49C3D45B19E3368E00062C4B /* Products */;
			projectDirPath = "";
			projectRoot = "";
			targets = (
				49C3D45919E3368E00062C4B /* grafika-1 */,
			);
		};
/* End PBXProject section */

/* Begin PBXSourcesBuildPhase section */
		49C3D45619E3368E00062C4B /* Sources */ = {
			isa = PBXSourcesBuildPhase;
			buildActionMask = 2147483647;
			files = (
				49C3D45E19E3368E00062C4B /* main.cpp in Sources */,
			);
			runOnlyForDeploymentPostprocessing = 0;
		};
/* End PBXSourcesBuildPhase section */

/* Begin XCBuildConfiguration section */
		49C3D45F19E3368E00062C4B /* Debug */ = {
			isa = XCBuildConfiguration;
			buildSettings = {
				ALWAYS_SEARCH_USER_PATHS = NO;
				CLANG_CXX_LANGUAGE_STANDARD = "gnu++0x";
				CLANG_CXX_LIBRARY = "libc++";
				CLANG_ENABLE_MODULES = YES;
				CLANG_ENABLE_OBJC_ARC = YES;
				CLANG_WARN_BOOL_CONVERSION = YES;
				CLANG_WARN_CONSTANT_CONVERSION = YES;
				CLANG_WARN_DIRECT_OBJC_ISA_USAGE = YES_ERROR;
				CLANG_WARN_EMPTY_BODY = YES;
				CLANG_WARN_ENUM_CONVERSION = YES;
				CLANG_WARN_INT_CONVERSION = YES;
				CLANG_WARN_OBJC_ROOT_CLASS = YES_ERROR;
				CLANG_WARN_UNREACHABLE_CODE = YES;
				CLANG_WARN__DUPLICATE_METHOD_MATCH = YES;
				COPY_PHASE_STRIP = NO;
				ENABLE_STRICT_OBJC_MSGSEND = YES;
				GCC_C_LANGUAGE_STANDARD = gnu99;
				GCC_DYNAMIC_NO_PIC = NO;
				GCC_OPTIMIZATION_LEVEL = 0;
				GCC_PREPROCESSOR_DEFINITIONS = (
					"DEBUG=1",
					"$(inherited)",
				);
				GCC_SYMBOLS_PRIVATE_EXTERN = NO;
				GCC_WARN_64_TO_32_BIT_CONVERSION = YES;
				GCC_WARN_ABOUT_RETURN_TYPE = YES_ERROR;
				GCC_WARN_UNDECLARED_SELECTOR = YES;
				GCC_WARN_UNINITIALIZED_AUTOS = YES_AGGRESSIVE;
				GCC_WARN_UNUSED_FUNCTION = YES;
				GCC_WARN_UNUSED_VARIABLE = YES;
				MACOSX_DEPLOYMENT_TARGET = 10.9;
				MTL_ENABLE_DEBUG_INFO = YES;
				ONLY_ACTIVE_ARCH = YES;
				SDKROOT = macosx;
			};
			name = Debug;
		};
		49C3D46019E3368E00062C4B /* Release */ = {
			isa = XCBuildConfiguration;
			buildSettings = {
				ALWAYS_SEARCH_USER_PATHS = NO;
				CLANG_CXX_LANGUAGE_STANDARD = "gnu++0x";
				CLANG_CXX_LIBRARY = "libc++";
				CLANG_ENABLE_MODULES = YES;
				CLANG_ENABLE_OBJC_ARC = YES;
				CLANG_WARN_BOOL_CONVERSION = YES;
				CLANG_WARN_CONSTANT_CONVERSION = YES;
				CLANG_WARN_DIRECT_OBJC_ISA_USAGE = YES_ERROR;
				CLANG_WARN_EMPTY_BODY = YES;
				CLANG_WARN_ENUM_CONVERSION = YES;
				CLANG_WARN_INT_CONVERSION = YES;
				CLANG_WARN_OBJC_ROOT_CLASS = YES_ERROR;
				CLANG_WARN_UNREACHABLE_CODE = YES;
				CLANG_WARN__DUPLICATE_METHOD_MATCH = YES;
				COPY_PHASE_STRIP = YES;
				DEBUG_INFORMATION_FORMAT = "dwarf-with-dsym";
				ENABLE_NS_ASSERTIONS = NO;
				ENABLE_STRICT_OBJC_MSGSEND = YES;
				GCC_C_LANGUAGE_STANDARD = gnu99;
				GCC_WARN_64_TO_32_BIT_CONVERSION = YES;
				GCC_WARN_ABOUT_RETURN_TYPE = YES_ERROR;
				GCC_WARN_UNDECLARED_SELECTOR = YES;
				GCC_WARN_UNINITIALIZED_AUTOS = YES_AGGRESSIVE;
				GCC_WARN_UNUSED_FUNCTION = YES;
				GCC_WARN_UNUSED_VARIABLE = YES;
				MACOSX_DEPLOYMENT_TARGET = 10.9;
				MTL_ENABLE_DEBUG_INFO = NO;
				SDKROOT = macosx;
			};
			name = Release;
		};
		49C3D46219E3368E00062C4B /* Debug */ = {
			isa = XCBuildConfiguration;
			buildSettings = {
				PRODUCT_NAME = "$(TARGET_NAME)";
			};
			name = Debug;
		};
		49C3D46319E3368E00062C4B /* Release */ = {
			isa = XCBuildConfiguration;
			buildSettings = {
				PRODUCT_NAME = "$(TARGET_NAME)";
			};
			name = Release;
		};
/* End XCBuildConfiguration section */

/* Begin XCConfigurationList section */
		49C3D45519E3368E00062C4B /* Build configuration list for PBXProject "grafika-1" */ = {
			isa = XCConfigurationList;
			buildConfigurations = (
				49C3D45F19E3368E00062C4B /* Debug */,
				49C3D46019E3368E00062C4B /* Release */,
			);
			defaultConfigurationIsVisible = 0;
			defaultConfigurationName = Release;
		};
		49C3D46119E3368E00062C4B /* Build configuration list for PBXNativeTarget "grafika-1" */ = {
			isa = XCConfigurationList;
			buildConfigurations = (
				49C3D46219E3368E00062C4B /* Debug */,
				49C3D46319E3368E00062C4B /* Release */,
			);
			defaultConfigurationIsVisible = 0;
		};
/* End XCConfigurationList section */
	};
	rootObject = 49C3D45219E3368E00062C4B /* Project object */;
}
